// !$*UTF8*$!
{
	archiveVersion = 1;
	classes = {
	};
	objectVersion = 46;
	objects = {

/* Begin PBXBuildFile section */
		B6A6C94B137831DA00D97E80 /* UIKit.framework in Frameworks */ = {isa = PBXBuildFile; fileRef = B6A6C94A137831DA00D97E80 /* UIKit.framework */; };
		B6A6C94D137831DA00D97E80 /* Foundation.framework in Frameworks */ = {isa = PBXBuildFile; fileRef = B6A6C94C137831DA00D97E80 /* Foundation.framework */; };
		B6A6C94F137831DA00D97E80 /* CoreGraphics.framework in Frameworks */ = {isa = PBXBuildFile; fileRef = B6A6C94E137831DA00D97E80 /* CoreGraphics.framework */; };
		B6A6C955137831DA00D97E80 /* InfoPlist.strings in Resources */ = {isa = PBXBuildFile; fileRef = B6A6C953137831DA00D97E80 /* InfoPlist.strings */; };
		B6A6C958137831DA00D97E80 /* main.m in Sources */ = {isa = PBXBuildFile; fileRef = B6A6C957137831DA00D97E80 /* main.m */; };
		B6A6C95B137831DA00D97E80 /* KeyBoardHiddenAppDelegate.m in Sources */ = {isa = PBXBuildFile; fileRef = B6A6C95A137831DA00D97E80 /* KeyBoardHiddenAppDelegate.m */; };
		B6A6C95E137831DA00D97E80 /* MainWindow.xib in Resources */ = {isa = PBXBuildFile; fileRef = B6A6C95C137831DA00D97E80 /* MainWindow.xib */; };
		B6A6C961137831DA00D97E80 /* KeyBoardHiddenViewController.m in Sources */ = {isa = PBXBuildFile; fileRef = B6A6C960137831DA00D97E80 /* KeyBoardHiddenViewController.m */; };
		B6A6C964137831DA00D97E80 /* KeyBoardHiddenViewController.xib in Resources */ = {isa = PBXBuildFile; fileRef = B6A6C962137831DA00D97E80 /* KeyBoardHiddenViewController.xib */; };
/* End PBXBuildFile section */

/* Begin PBXFileReference section */
		B6A6C946137831DA00D97E80 /* KeyBoardHidden.app */ = {isa = PBXFileReference; explicitFileType = wrapper.application; includeInIndex = 0; path = KeyBoardHidden.app; sourceTree = BUILT_PRODUCTS_DIR; };
		B6A6C94A137831DA00D97E80 /* UIKit.framework */ = {isa = PBXFileReference; lastKnownFileType = wrapper.framework; name = UIKit.framework; path = System/Library/Frameworks/UIKit.framework; sourceTree = SDKROOT; };
		B6A6C94C137831DA00D97E80 /* Foundation.framework */ = {isa = PBXFileReference; lastKnownFileType = wrapper.framework; name = Foundation.framework; path = System/Library/Frameworks/Foundation.framework; sourceTree = SDKROOT; };
		B6A6C94E137831DA00D97E80 /* CoreGraphics.framework */ = {isa = PBXFileReference; lastKnownFileType = wrapper.framework; name = CoreGraphics.framework; path = System/Library/Frameworks/CoreGraphics.framework; sourceTree = SDKROOT; };
		B6A6C952137831DA00D97E80 /* KeyBoardHidden-Info.plist */ = {isa = PBXFileReference; lastKnownFileType = text.plist.xml; path = "KeyBoardHidden-Info.plist"; sourceTree = "<group>"; };
		B6A6C954137831DA00D97E80 /* en */ = {isa = PBXFileReference; lastKnownFileType = text.plist.strings; name = en; path = en.lproj/InfoPlist.strings; sourceTree = "<group>"; };
		B6A6C956137831DA00D97E80 /* KeyBoardHidden-Prefix.pch */ = {isa = PBXFileReference; lastKnownFileType = sourcecode.c.h; path = "KeyBoardHidden-Prefix.pch"; sourceTree = "<group>"; };
		B6A6C957137831DA00D97E80 /* main.m */ = {isa = PBXFileReference; lastKnownFileType = sourcecode.c.objc; path = main.m; sourceTree = "<group>"; };
		B6A6C959137831DA00D97E80 /* KeyBoardHiddenAppDelegate.h */ = {isa = PBXFileReference; lastKnownFileType = sourcecode.c.h; path = KeyBoardHiddenAppDelegate.h; sourceTree = "<group>"; };
		B6A6C95A137831DA00D97E80 /* KeyBoardHiddenAppDelegate.m */ = {isa = PBXFileReference; lastKnownFileType = sourcecode.c.objc; path = KeyBoardHiddenAppDelegate.m; sourceTree = "<group>"; };
		B6A6C95D137831DA00D97E80 /* en */ = {isa = PBXFileReference; lastKnownFileType = file.xib; name = en; path = en.lproj/MainWindow.xib; sourceTree = "<group>"; };
		B6A6C95F137831DA00D97E80 /* KeyBoardHiddenViewController.h */ = {isa = PBXFileReference; lastKnownFileType = sourcecode.c.h; path = KeyBoardHiddenViewController.h; sourceTree = "<group>"; };
		B6A6C960137831DA00D97E80 /* KeyBoardHiddenViewController.m */ = {isa = PBXFileReference; lastKnownFileType = sourcecode.c.objc; path = KeyBoardHiddenViewController.m; sourceTree = "<group>"; };
		B6A6C963137831DA00D97E80 /* en */ = {isa = PBXFileReference; lastKnownFileType = file.xib; name = en; path = en.lproj/KeyBoardHiddenViewController.xib; sourceTree = "<group>"; };
/* End PBXFileReference section */

/* Begin PBXFrameworksBuildPhase section */
		B6A6C943137831DA00D97E80 /* Frameworks */ = {
			isa = PBXFrameworksBuildPhase;
			buildActionMask = 2147483647;
			files = (
				B6A6C94B137831DA00D97E80 /* UIKit.framework in Frameworks */,
				B6A6C94D137831DA00D97E80 /* Foundation.framework in Frameworks */,
				B6A6C94F137831DA00D97E80 /* CoreGraphics.framework in Frameworks */,
			);
			runOnlyForDeploymentPostprocessing = 0;
		};
/* End PBXFrameworksBuildPhase section */

/* Begin PBXGroup section */
		B6A6C93B137831DA00D97E80 = {
			isa = PBXGroup;
			children = (
				B6A6C950137831DA00D97E80 /* KeyBoardHidden */,
				B6A6C949137831DA00D97E80 /* Frameworks */,
				B6A6C947137831DA00D97E80 /* Products */,
			);
			sourceTree = "<group>";
		};
		B6A6C947137831DA00D97E80 /* Products */ = {
			isa = PBXGroup;
			children = (
				B6A6C946137831DA00D97E80 /* KeyBoardHidden.app */,
			);
			name = Products;
			sourceTree = "<group>";
		};
		B6A6C949137831DA00D97E80 /* Frameworks */ = {
			isa = PBXGroup;
			children = (
				B6A6C94A137831DA00D97E80 /* UIKit.framework */,
				B6A6C94C137831DA00D97E80 /* Foundation.framework */,
				B6A6C94E137831DA00D97E80 /* CoreGraphics.framework */,
			);
			name = Frameworks;
			sourceTree = "<group>";
		};
		B6A6C950137831DA00D97E80 /* KeyBoardHidden */ = {
			isa = PBXGroup;
			children = (
				B6A6C959137831DA00D97E80 /* KeyBoardHiddenAppDelegate.h */,
				B6A6C95A137831DA00D97E80 /* KeyBoardHiddenAppDelegate.m */,
				B6A6C95C137831DA00D97E80 /* MainWindow.xib */,
				B6A6C95F137831DA00D97E80 /* KeyBoardHiddenViewController.h */,
				B6A6C960137831DA00D97E80 /* KeyBoardHiddenViewController.m */,
				B6A6C962137831DA00D97E80 /* KeyBoardHiddenViewController.xib */,
				B6A6C951137831DA00D97E80 /* Supporting Files */,
			);
			path = KeyBoardHidden;
			sourceTree = "<group>";
		};
		B6A6C951137831DA00D97E80 /* Supporting Files */ = {
			isa = PBXGroup;
			children = (
				B6A6C952137831DA00D97E80 /* KeyBoardHidden-Info.plist */,
				B6A6C953137831DA00D97E80 /* InfoPlist.strings */,
				B6A6C956137831DA00D97E80 /* KeyBoardHidden-Prefix.pch */,
				B6A6C957137831DA00D97E80 /* main.m */,
			);
			name = "Supporting Files";
			sourceTree = "<group>";
		};
/* End PBXGroup section */

/* Begin PBXNativeTarget section */
		B6A6C945137831DA00D97E80 /* KeyBoardHidden */ = {
			isa = PBXNativeTarget;
			buildConfigurationList = B6A6C967137831DA00D97E80 /* Build configuration list for PBXNativeTarget "KeyBoardHidden" */;
			buildPhases = (
				B6A6C942137831DA00D97E80 /* Sources */,
				B6A6C943137831DA00D97E80 /* Frameworks */,
				B6A6C944137831DA00D97E80 /* Resources */,
			);
			buildRules = (
			);
			dependencies = (
			);
			name = KeyBoardHidden;
			productName = KeyBoardHidden;
			productReference = B6A6C946137831DA00D97E80 /* KeyBoardHidden.app */;
			productType = "com.apple.product-type.application";
		};
/* End PBXNativeTarget section */

/* Begin PBXProject section */
		B6A6C93D137831DA00D97E80 /* Project object */ = {
			isa = PBXProject;
			attributes = {
				ORGANIZATIONNAME = "GrandCentrix GmbH";
			};
			buildConfigurationList = B6A6C940137831DA00D97E80 /* Build configuration list for PBXProject "KeyBoardHidden" */;
			compatibilityVersion = "Xcode 3.2";
			developmentRegion = English;
			hasScannedForEncodings = 0;
			knownRegions = (
				en,
			);
			mainGroup = B6A6C93B137831DA00D97E80;
			productRefGroup = B6A6C947137831DA00D97E80 /* Products */;
			projectDirPath = "";
			projectRoot = "";
			targets = (
				B6A6C945137831DA00D97E80 /* KeyBoardHidden */,
			);
		};
/* End PBXProject section */

/* Begin PBXResourcesBuildPhase section */
		B6A6C944137831DA00D97E80 /* Resources */ = {
			isa = PBXResourcesBuildPhase;
			buildActionMask = 2147483647;
			files = (
				B6A6C955137831DA00D97E80 /* InfoPlist.strings in Resources */,
				B6A6C95E137831DA00D97E80 /* MainWindow.xib in Resources */,
				B6A6C964137831DA00D97E80 /* KeyBoardHiddenViewController.xib in Resources */,
			);
			runOnlyForDeploymentPostprocessing = 0;
		};
/* End PBXResourcesBuildPhase section */

/* Begin PBXSourcesBuildPhase section */
		B6A6C942137831DA00D97E80 /* Sources */ = {
			isa = PBXSourcesBuildPhase;
			buildActionMask = 2147483647;
			files = (
				B6A6C958137831DA00D97E80 /* main.m in Sources */,
				B6A6C95B137831DA00D97E80 /* KeyBoardHiddenAppDelegate.m in Sources */,
				B6A6C961137831DA00D97E80 /* KeyBoardHiddenViewController.m in Sources */,
			);
			runOnlyForDeploymentPostprocessing = 0;
		};
/* End PBXSourcesBuildPhase section */

/* Begin PBXVariantGroup section */
		B6A6C953137831DA00D97E80 /* InfoPlist.strings */ = {
			isa = PBXVariantGroup;
			children = (
				B6A6C954137831DA00D97E80 /* en */,
			);
			name = InfoPlist.strings;
			sourceTree = "<group>";
		};
		B6A6C95C137831DA00D97E80 /* MainWindow.xib */ = {
			isa = PBXVariantGroup;
			children = (
				B6A6C95D137831DA00D97E80 /* en */,
			);
			name = MainWindow.xib;
			sourceTree = "<group>";
		};
		B6A6C962137831DA00D97E80 /* KeyBoardHiddenViewController.xib */ = {
			isa = PBXVariantGroup;
			children = (
				B6A6C963137831DA00D97E80 /* en */,
			);
			name = KeyBoardHiddenViewController.xib;
			sourceTree = "<group>";
		};
/* End PBXVariantGroup section */

/* Begin XCBuildConfiguration section */
		B6A6C965137831DA00D97E80 /* Debug */ = {
			isa = XCBuildConfiguration;
			buildSettings = {
				ARCHS = "$(ARCHS_STANDARD_32_BIT)";
				"CODE_SIGN_IDENTITY[sdk=iphoneos*]" = "iPhone Developer";
				GCC_C_LANGUAGE_STANDARD = gnu99;
				GCC_OPTIMIZATION_LEVEL = 0;
				GCC_PREPROCESSOR_DEFINITIONS = DEBUG;
				GCC_SYMBOLS_PRIVATE_EXTERN = NO;
				GCC_VERSION = com.apple.compilers.llvmgcc42;
				GCC_WARN_ABOUT_RETURN_TYPE = YES;
				GCC_WARN_UNUSED_VARIABLE = YES;
				IPHONEOS_DEPLOYMENT_TARGET = 4.3;
				SDKROOT = iphoneos;
			};
			name = Debug;
		};
		B6A6C966137831DA00D97E80 /* Release */ = {
			isa = XCBuildConfiguration;
			buildSettings = {
				ARCHS = "$(ARCHS_STANDARD_32_BIT)";
				"CODE_SIGN_IDENTITY[sdk=iphoneos*]" = "iPhone Developer";
				GCC_C_LANGUAGE_STANDARD = gnu99;
				GCC_VERSION = com.apple.compilers.llvmgcc42;
				GCC_WARN_ABOUT_RETURN_TYPE = YES;
				GCC_WARN_UNUSED_VARIABLE = YES;
				IPHONEOS_DEPLOYMENT_TARGET = 4.3;
				OTHER_CFLAGS = "-DNS_BLOCK_ASSERTIONS=1";
				SDKROOT = iphoneos;
			};
			name = Release;
		};
		B6A6C968137831DA00D97E80 /* Debug */ = {
			isa = XCBuildConfiguration;
			buildSettings = {
				ALWAYS_SEARCH_USER_PATHS = NO;
				COPY_PHASE_STRIP = NO;
				GCC_DYNAMIC_NO_PIC = NO;
				GCC_PRECOMPILE_PREFIX_HEADER = YES;
				GCC_PREFIX_HEADER = "KeyBoardHidden/KeyBoardHidden-Prefix.pch";
				INFOPLIST_FILE = "KeyBoardHidden/KeyBoardHidden-Info.plist";
				PRODUCT_NAME = "$(TARGET_NAME)";
				WRAPPER_EXTENSION = app;
			};
			name = Debug;
		};
		B6A6C969137831DA00D97E80 /* Release */ = {
			isa = XCBuildConfiguration;
			buildSettings = {
				ALWAYS_SEARCH_USER_PATHS = NO;
				COPY_PHASE_STRIP = YES;
				GCC_PRECOMPILE_PREFIX_HEADER = YES;
				GCC_PREFIX_HEADER = "KeyBoardHidden/KeyBoardHidden-Prefix.pch";
				INFOPLIST_FILE = "KeyBoardHidden/KeyBoardHidden-Info.plist";
				PRODUCT_NAME = "$(TARGET_NAME)";
				VALIDATE_PRODUCT = YES;
				WRAPPER_EXTENSION = app;
			};
			name = Release;
		};
/* End XCBuildConfiguration section */

/* Begin XCConfigurationList section */
		B6A6C940137831DA00D97E80 /* Build configuration list for PBXProject "KeyBoardHidden" */ = {
			isa = XCConfigurationList;
			buildConfigurations = (
				B6A6C965137831DA00D97E80 /* Debug */,
				B6A6C966137831DA00D97E80 /* Release */,
			);
			defaultConfigurationIsVisible = 0;
			defaultConfigurationName = Release;
		};
		B6A6C967137831DA00D97E80 /* Build configuration list for PBXNativeTarget "KeyBoardHidden" */ = {
			isa = XCConfigurationList;
			buildConfigurations = (
				B6A6C968137831DA00D97E80 /* Debug */,
				B6A6C969137831DA00D97E80 /* Release */,
			);
			defaultConfigurationIsVisible = 0;
		};
/* End XCConfigurationList section */
	};
	rootObject = B6A6C93D137831DA00D97E80 /* Project object */;
}
